
Microsoft Visual Studio Solution File, Format Version 12.00
# Visual Studio Version 16
VisualStudioVersion = 16.0.29613.14
MinimumVisualStudioVersion = 10.0.40219.1
Project("{FAE04EC0-301F-11D3-BF4B-00C04F79EFBC}") = "DutchTreat", "DutchTreat.csproj", "{911216C7-7377-46E5-B050-FB59D234B790}"
EndProject
Global
	GlobalSection(SolutionConfigurationPlatforms) = preSolution
		Debug|Any CPU = Debug|Any CPU
		Release|Any CPU = Release|Any CPU
	EndGlobalSection
	GlobalSection(ProjectConfigurationPlatforms) = postSolution
		{911216C7-7377-46E5-B050-FB59D234B790}.Debug|Any CPU.ActiveCfg = Debug|Any CPU
		{911216C7-7377-46E5-B050-FB59D234B790}.Debug|Any CPU.Build.0 = Debug|Any CPU
		{911216C7-7377-46E5-B050-FB59D234B790}.Release|Any CPU.ActiveCfg = Release|Any CPU
		{911216C7-7377-46E5-B050-FB59D234B790}.Release|Any CPU.Build.0 = Release|Any CPU
	EndGlobalSection
	GlobalSection(SolutionProperties) = preSolution
		HideSolutionNode = FALSE
	EndGlobalSection
	GlobalSection(ExtensibilityGlobals) = postSolution
		SolutionGuid = {830435D4-1164-4309-86E7-8D7A8A726B82}
	EndGlobalSection
EndGlobal
